
Microsoft Visual Studio Solution File, Format Version 12.00
# Visual Studio Version 17
VisualStudioVersion = 17.14.36518.9
MinimumVisualStudioVersion = 10.0.40219.1
Project("{2150E333-8FDC-42A3-9474-1A3956D46DE8}") = "Task0", "Task0", "{02EA681E-C7D8-13C7-8484-4AC65E1B71E8}"
EndProject
Project("{FAE04EC0-301F-11D3-BF4B-00C04F79EFBC}") = "Tyuiu.KuharonakSV.Sprint4.Task0.V26", "Tyuiu.KuharonakSV.Sprint4.Task0.V26\Tyuiu.KuharonakSV.Sprint4.Task0.V26.csproj", "{C40FF68F-028E-4901-A203-44C13338273D}"
EndProject
Project("{FAE04EC0-301F-11D3-BF4B-00C04F79EFBC}") = "Tyuiu.KuharonakSV.Sprint4.Task0.V26.Lib", "Tyuiu.KuharonakSV.Sprint4.Task0.V26.Lib\Tyuiu.KuharonakSV.Sprint4.Task0.V26.Lib.csproj", "{AC7C1417-A6FC-4BEE-B690-1371E0D846E0}"
EndProject
Project("{FAE04EC0-301F-11D3-BF4B-00C04F79EFBC}") = "Tyuiu.KuharonakSV.Sprint4.Task0.V26.Test", "Tyuiu.KuharonakSV.Sprint4.Task0.V26.Test\Tyuiu.KuharonakSV.Sprint4.Task0.V26.Test.csproj", "{0F736967-275E-4A04-B8CA-676503C794E1}"
EndProject
Project("{2150E333-8FDC-42A3-9474-1A3956D46DE8}") = "Task1", "Task1", "{3571EAEF-2BDA-4EF3-8DA8-0BD9F9A61A23}"
EndProject
Project("{FAE04EC0-301F-11D3-BF4B-00C04F79EFBC}") = "Tyuiu.KuharonakSV.Sprint4.Task1.V7", "Tyuiu.KuharonakSV.Sprint4.Task1.V7\Tyuiu.KuharonakSV.Sprint4.Task1.V7.csproj", "{5BDA865D-46C9-49B8-AA5B-82341EAC5A05}"
EndProject
Project("{FAE04EC0-301F-11D3-BF4B-00C04F79EFBC}") = "Tyuiu.KuharonakSV.Sprint4.Task1.V7.Lib", "Tyuiu.KuharonakSV.Sprint4.Task1.V7.Lib\Tyuiu.KuharonakSV.Sprint4.Task1.V7.Lib.csproj", "{7B8FF5EF-30FE-4FC2-9F70-F102E075D272}"
EndProject
Project("{FAE04EC0-301F-11D3-BF4B-00C04F79EFBC}") = "Tyuiu.KuharonakSV.Sprint4.Task1.V7.Test", "Tyuiu.KuharonakSV.Sprint4.Task1.V7.Test\Tyuiu.KuharonakSV.Sprint4.Task1.V7.Test.csproj", "{BEF7208C-5037-42B4-8EEE-332C0270E2ED}"
EndProject
Project("{2150E333-8FDC-42A3-9474-1A3956D46DE8}") = "Task2", "Task2", "{62BAF203-325B-46A7-91F7-C42600067382}"
EndProject
Project("{FAE04EC0-301F-11D3-BF4B-00C04F79EFBC}") = "Tyuiu.KuharonakSV.Sprint4.Task2.V27", "Tyuiu.KuharonakSV.Sprint4.Task2.V27\Tyuiu.KuharonakSV.Sprint4.Task2.V27.csproj", "{903DBBEB-230C-44D3-BF0C-E5E4A1870E51}"
EndProject
Project("{FAE04EC0-301F-11D3-BF4B-00C04F79EFBC}") = "Tyuiu.KuharonakSV.Sprint4.Task2.V27.Lib", "Tyuiu.KuharonakSV.Sprint4.Task2.V27.Lib\Tyuiu.KuharonakSV.Sprint4.Task2.V27.Lib.csproj", "{D3C52508-9A68-4552-8E04-A610D9D765DE}"
EndProject
Project("{FAE04EC0-301F-11D3-BF4B-00C04F79EFBC}") = "Tyuiu.KuharonakSV.Sprint4.Task2.V27.Test", "Tyuiu.KuharonakSV.Sprint4.Task2.V27.Test\Tyuiu.KuharonakSV.Sprint4.Task2.V27.Test.csproj", "{6FB41D41-0E6A-4A3B-87CB-D156422AE5A8}"
EndProject
Project("{2150E333-8FDC-42A3-9474-1A3956D46DE8}") = "Task3", "Task3", "{BDD2AD0C-05AE-46D1-AF79-8FBB9B777EF2}"
EndProject
Project("{FAE04EC0-301F-11D3-BF4B-00C04F79EFBC}") = "Tyuiu.KuharonakSV.Sprint4.Task3.V28", "Tyuiu.KuharonakSV.Sprint4.Task3.V28\Tyuiu.KuharonakSV.Sprint4.Task3.V28.csproj", "{0A7E7F6F-CF32-4511-B3CE-4D89F8454C78}"
EndProject
Project("{FAE04EC0-301F-11D3-BF4B-00C04F79EFBC}") = "Tyuiu.KuharonakSV.Sprint4.Task3.V28.Lib", "Tyuiu.KuharonakSV.Sprint4.Task3.V28.Lib\Tyuiu.KuharonakSV.Sprint4.Task3.V28.Lib.csproj", "{F732A324-C08E-433A-8277-75FE0075C6CF}"
EndProject
Project("{FAE04EC0-301F-11D3-BF4B-00C04F79EFBC}") = "Tyuiu.KuharonakSV.Sprint4.Task3.V28.Test", "Tyuiu.KuharonakSV.Sprint4.Task3.V28.Test\Tyuiu.KuharonakSV.Sprint4.Task3.V28.Test.csproj", "{002B68E6-19C2-4E2B-8A30-502CD939E5A4}"
EndProject
Project("{2150E333-8FDC-42A3-9474-1A3956D46DE8}") = "Task4", "Task4", "{BCA8A4A7-CF7D-4AB9-8EC9-46E4B9B2A5B2}"
EndProject
Project("{FAE04EC0-301F-11D3-BF4B-00C04F79EFBC}") = "Tyuiu.KuharonakSV.Sprint4.Task4.V21", "Tyuiu.KuharonakSV.Sprint4.Task4.V21\Tyuiu.KuharonakSV.Sprint4.Task4.V21.csproj", "{EB681BD6-4A14-4945-8C69-661FFD61CECD}"
EndProject
Project("{FAE04EC0-301F-11D3-BF4B-00C04F79EFBC}") = "Tyuiu.KuharonakSV.Sprint4.Task4.V21.Lib", "Tyuiu.KuharonakSV.Sprint4.Task4.V21.Lib\Tyuiu.KuharonakSV.Sprint4.Task4.V21.Lib.csproj", "{53E65368-D4C2-4BBF-9E99-BC8CF3D1459C}"
EndProject
Project("{FAE04EC0-301F-11D3-BF4B-00C04F79EFBC}") = "Tyuiu.KuharonakSV.Sprint4.Task4.V21.Test", "Tyuiu.KuharonakSV.Sprint4.Task4.V21.Test\Tyuiu.KuharonakSV.Sprint4.Task4.V21.Test.csproj", "{A6049163-0C3F-4F07-8DED-0106E1E245F7}"
EndProject
Project("{2150E333-8FDC-42A3-9474-1A3956D46DE8}") = "Task5", "Task5", "{78683525-0AE3-41E4-9182-9E67ECA06C7C}"
EndProject
Project("{FAE04EC0-301F-11D3-BF4B-00C04F79EFBC}") = "Tyuiu.KuharonakSV.Sprint4.Task5.V2", "Tyuiu.KuharonakSV.Sprint4.Task5.V2\Tyuiu.KuharonakSV.Sprint4.Task5.V2.csproj", "{2901C5C6-62C4-433D-BD5A-1FD17E2C708F}"
EndProject
Project("{FAE04EC0-301F-11D3-BF4B-00C04F79EFBC}") = "Tyuiu.KuharonakSV.Sprint4.Task5.V2.Lib", "Tyuiu.KuharonakSV.Sprint4.Task5.V2.Lib\Tyuiu.KuharonakSV.Sprint4.Task5.V2.Lib.csproj", "{EC22348F-2C4B-4F45-9CA2-7D36C19760B6}"
EndProject
Project("{FAE04EC0-301F-11D3-BF4B-00C04F79EFBC}") = "Tyuiu.KuharonakSV.Sprint4.Task5.V2.Test", "Tyuiu.KuharonakSV.Sprint4.Task5.V2.Test\Tyuiu.KuharonakSV.Sprint4.Task5.V2.Test.csproj", "{2C6F6B22-D4B3-4C1F-9854-0470A72510FC}"
EndProject
Project("{2150E333-8FDC-42A3-9474-1A3956D46DE8}") = "Task6", "Task6", "{F38FBDAE-CD03-4070-AFF8-BD53BDA5C0C8}"
EndProject
Project("{FAE04EC0-301F-11D3-BF4B-00C04F79EFBC}") = "Tyuiu.KuharonakSV.Sprint4.Task6.V5", "Tyuiu.KuharonakSV.Sprint4.Task6.V5\Tyuiu.KuharonakSV.Sprint4.Task6.V5.csproj", "{DA8A8343-5679-489D-9123-A1D7B1886F20}"
EndProject
Project("{FAE04EC0-301F-11D3-BF4B-00C04F79EFBC}") = "Tyuiu.KuharonakSV.Sprint4.Task6.V5.Lib", "Tyuiu.KuharonakSV.Sprint4.Task6.V5.Lib\Tyuiu.KuharonakSV.Sprint4.Task6.V5.Lib.csproj", "{222F19FD-F1C6-42D8-BFD5-008A008B8EAB}"
EndProject
Project("{FAE04EC0-301F-11D3-BF4B-00C04F79EFBC}") = "Tyuiu.KuharonakSV.Sprint4.Task6.V5.Test", "Tyuiu.KuharonakSV.Sprint4.Task6.V5.Test\Tyuiu.KuharonakSV.Sprint4.Task6.V5.Test.csproj", "{8082B033-BABA-4EE9-8095-0E88E2B9EF87}"
EndProject
Global
	GlobalSection(SolutionConfigurationPlatforms) = preSolution
		Debug|Any CPU = Debug|Any CPU
		Release|Any CPU = Release|Any CPU
	EndGlobalSection
	GlobalSection(ProjectConfigurationPlatforms) = postSolution
		{C40FF68F-028E-4901-A203-44C13338273D}.Debug|Any CPU.ActiveCfg = Debug|Any CPU
		{C40FF68F-028E-4901-A203-44C13338273D}.Debug|Any CPU.Build.0 = Debug|Any CPU
		{C40FF68F-028E-4901-A203-44C13338273D}.Release|Any CPU.ActiveCfg = Release|Any CPU
		{C40FF68F-028E-4901-A203-44C13338273D}.Release|Any CPU.Build.0 = Release|Any CPU
		{AC7C1417-A6FC-4BEE-B690-1371E0D846E0}.Debug|Any CPU.ActiveCfg = Debug|Any CPU
		{AC7C1417-A6FC-4BEE-B690-1371E0D846E0}.Debug|Any CPU.Build.0 = Debug|Any CPU
		{AC7C1417-A6FC-4BEE-B690-1371E0D846E0}.Release|Any CPU.ActiveCfg = Release|Any CPU
		{AC7C1417-A6FC-4BEE-B690-1371E0D846E0}.Release|Any CPU.Build.0 = Release|Any CPU
		{0F736967-275E-4A04-B8CA-676503C794E1}.Debug|Any CPU.ActiveCfg = Debug|Any CPU
		{0F736967-275E-4A04-B8CA-676503C794E1}.Debug|Any CPU.Build.0 = Debug|Any CPU
		{0F736967-275E-4A04-B8CA-676503C794E1}.Release|Any CPU.ActiveCfg = Release|Any CPU
		{0F736967-275E-4A04-B8CA-676503C794E1}.Release|Any CPU.Build.0 = Release|Any CPU
		{5BDA865D-46C9-49B8-AA5B-82341EAC5A05}.Debug|Any CPU.ActiveCfg = Debug|Any CPU
		{5BDA865D-46C9-49B8-AA5B-82341EAC5A05}.Debug|Any CPU.Build.0 = Debug|Any CPU
		{5BDA865D-46C9-49B8-AA5B-82341EAC5A05}.Release|Any CPU.ActiveCfg = Release|Any CPU
		{5BDA865D-46C9-49B8-AA5B-82341EAC5A05}.Release|Any CPU.Build.0 = Release|Any CPU
		{7B8FF5EF-30FE-4FC2-9F70-F102E075D272}.Debug|Any CPU.ActiveCfg = Debug|Any CPU
		{7B8FF5EF-30FE-4FC2-9F70-F102E075D272}.Debug|Any CPU.Build.0 = Debug|Any CPU
		{7B8FF5EF-30FE-4FC2-9F70-F102E075D272}.Release|Any CPU.ActiveCfg = Release|Any CPU
		{7B8FF5EF-30FE-4FC2-9F70-F102E075D272}.Release|Any CPU.Build.0 = Release|Any CPU
		{BEF7208C-5037-42B4-8EEE-332C0270E2ED}.Debug|Any CPU.ActiveCfg = Debug|Any CPU
		{BEF7208C-5037-42B4-8EEE-332C0270E2ED}.Debug|Any CPU.Build.0 = Debug|Any CPU
		{BEF7208C-5037-42B4-8EEE-332C0270E2ED}.Release|Any CPU.ActiveCfg = Release|Any CPU
		{BEF7208C-5037-42B4-8EEE-332C0270E2ED}.Release|Any CPU.Build.0 = Release|Any CPU
		{903DBBEB-230C-44D3-BF0C-E5E4A1870E51}.Debug|Any CPU.ActiveCfg = Debug|Any CPU
		{903DBBEB-230C-44D3-BF0C-E5E4A1870E51}.Debug|Any CPU.Build.0 = Debug|Any CPU
		{903DBBEB-230C-44D3-BF0C-E5E4A1870E51}.Release|Any CPU.ActiveCfg = Release|Any CPU
		{903DBBEB-230C-44D3-BF0C-E5E4A1870E51}.Release|Any CPU.Build.0 = Release|Any CPU
		{D3C52508-9A68-4552-8E04-A610D9D765DE}.Debug|Any CPU.ActiveCfg = Debug|Any CPU
		{D3C52508-9A68-4552-8E04-A610D9D765DE}.Debug|Any CPU.Build.0 = Debug|Any CPU
		{D3C52508-9A68-4552-8E04-A610D9D765DE}.Release|Any CPU.ActiveCfg = Release|Any CPU
		{D3C52508-9A68-4552-8E04-A610D9D765DE}.Release|Any CPU.Build.0 = Release|Any CPU
		{6FB41D41-0E6A-4A3B-87CB-D156422AE5A8}.Debug|Any CPU.ActiveCfg = Debug|Any CPU
		{6FB41D41-0E6A-4A3B-87CB-D156422AE5A8}.Debug|Any CPU.Build.0 = Debug|Any CPU
		{6FB41D41-0E6A-4A3B-87CB-D156422AE5A8}.Release|Any CPU.ActiveCfg = Release|Any CPU
		{6FB41D41-0E6A-4A3B-87CB-D156422AE5A8}.Release|Any CPU.Build.0 = Release|Any CPU
		{0A7E7F6F-CF32-4511-B3CE-4D89F8454C78}.Debug|Any CPU.ActiveCfg = Debug|Any CPU
		{0A7E7F6F-CF32-4511-B3CE-4D89F8454C78}.Debug|Any CPU.Build.0 = Debug|Any CPU
		{0A7E7F6F-CF32-4511-B3CE-4D89F8454C78}.Release|Any CPU.ActiveCfg = Release|Any CPU
		{0A7E7F6F-CF32-4511-B3CE-4D89F8454C78}.Release|Any CPU.Build.0 = Release|Any CPU
		{F732A324-C08E-433A-8277-75FE0075C6CF}.Debug|Any CPU.ActiveCfg = Debug|Any CPU
		{F732A324-C08E-433A-8277-75FE0075C6CF}.Debug|Any CPU.Build.0 = Debug|Any CPU
		{F732A324-C08E-433A-8277-75FE0075C6CF}.Release|Any CPU.ActiveCfg = Release|Any CPU
		{F732A324-C08E-433A-8277-75FE0075C6CF}.Release|Any CPU.Build.0 = Release|Any CPU
		{002B68E6-19C2-4E2B-8A30-502CD939E5A4}.Debug|Any CPU.ActiveCfg = Debug|Any CPU
		{002B68E6-19C2-4E2B-8A30-502CD939E5A4}.Debug|Any CPU.Build.0 = Debug|Any CPU
		{002B68E6-19C2-4E2B-8A30-502CD939E5A4}.Release|Any CPU.ActiveCfg = Release|Any CPU
		{002B68E6-19C2-4E2B-8A30-502CD939E5A4}.Release|Any CPU.Build.0 = Release|Any CPU
		{EB681BD6-4A14-4945-8C69-661FFD61CECD}.Debug|Any CPU.ActiveCfg = Debug|Any CPU
		{EB681BD6-4A14-4945-8C69-661FFD61CECD}.Debug|Any CPU.Build.0 = Debug|Any CPU
		{EB681BD6-4A14-4945-8C69-661FFD61CECD}.Release|Any CPU.ActiveCfg = Release|Any CPU
		{EB681BD6-4A14-4945-8C69-661FFD61CECD}.Release|Any CPU.Build.0 = Release|Any CPU
		{53E65368-D4C2-4BBF-9E99-BC8CF3D1459C}.Debug|Any CPU.ActiveCfg = Debug|Any CPU
		{53E65368-D4C2-4BBF-9E99-BC8CF3D1459C}.Debug|Any CPU.Build.0 = Debug|Any CPU
		{53E65368-D4C2-4BBF-9E99-BC8CF3D1459C}.Release|Any CPU.ActiveCfg = Release|Any CPU
		{53E65368-D4C2-4BBF-9E99-BC8CF3D1459C}.Release|Any CPU.Build.0 = Release|Any CPU
		{A6049163-0C3F-4F07-8DED-0106E1E245F7}.Debug|Any CPU.ActiveCfg = Debug|Any CPU
		{A6049163-0C3F-4F07-8DED-0106E1E245F7}.Debug|Any CPU.Build.0 = Debug|Any CPU
		{A6049163-0C3F-4F07-8DED-0106E1E245F7}.Release|Any CPU.ActiveCfg = Release|Any CPU
		{A6049163-0C3F-4F07-8DED-0106E1E245F7}.Release|Any CPU.Build.0 = Release|Any CPU
		{2901C5C6-62C4-433D-BD5A-1FD17E2C708F}.Debug|Any CPU.ActiveCfg = Debug|Any CPU
		{2901C5C6-62C4-433D-BD5A-1FD17E2C708F}.Debug|Any CPU.Build.0 = Debug|Any CPU
		{2901C5C6-62C4-433D-BD5A-1FD17E2C708F}.Release|Any CPU.ActiveCfg = Release|Any CPU
		{2901C5C6-62C4-433D-BD5A-1FD17E2C708F}.Release|Any CPU.Build.0 = Release|Any CPU
		{EC22348F-2C4B-4F45-9CA2-7D36C19760B6}.Debug|Any CPU.ActiveCfg = Debug|Any CPU
		{EC22348F-2C4B-4F45-9CA2-7D36C19760B6}.Debug|Any CPU.Build.0 = Debug|Any CPU
		{EC22348F-2C4B-4F45-9CA2-7D36C19760B6}.Release|Any CPU.ActiveCfg = Release|Any CPU
		{EC22348F-2C4B-4F45-9CA2-7D36C19760B6}.Release|Any CPU.Build.0 = Release|Any CPU
		{2C6F6B22-D4B3-4C1F-9854-0470A72510FC}.Debug|Any CPU.ActiveCfg = Debug|Any CPU
		{2C6F6B22-D4B3-4C1F-9854-0470A72510FC}.Debug|Any CPU.Build.0 = Debug|Any CPU
		{2C6F6B22-D4B3-4C1F-9854-0470A72510FC}.Release|Any CPU.ActiveCfg = Release|Any CPU
		{2C6F6B22-D4B3-4C1F-9854-0470A72510FC}.Release|Any CPU.Build.0 = Release|Any CPU
		{DA8A8343-5679-489D-9123-A1D7B1886F20}.Debug|Any CPU.ActiveCfg = Debug|Any CPU
		{DA8A8343-5679-489D-9123-A1D7B1886F20}.Debug|Any CPU.Build.0 = Debug|Any CPU
		{DA8A8343-5679-489D-9123-A1D7B1886F20}.Release|Any CPU.ActiveCfg = Release|Any CPU
		{DA8A8343-5679-489D-9123-A1D7B1886F20}.Release|Any CPU.Build.0 = Release|Any CPU
		{222F19FD-F1C6-42D8-BFD5-008A008B8EAB}.Debug|Any CPU.ActiveCfg = Debug|Any CPU
		{222F19FD-F1C6-42D8-BFD5-008A008B8EAB}.Debug|Any CPU.Build.0 = Debug|Any CPU
		{222F19FD-F1C6-42D8-BFD5-008A008B8EAB}.Release|Any CPU.ActiveCfg = Release|Any CPU
		{222F19FD-F1C6-42D8-BFD5-008A008B8EAB}.Release|Any CPU.Build.0 = Release|Any CPU
		{8082B033-BABA-4EE9-8095-0E88E2B9EF87}.Debug|Any CPU.ActiveCfg = Debug|Any CPU
		{8082B033-BABA-4EE9-8095-0E88E2B9EF87}.Debug|Any CPU.Build.0 = Debug|Any CPU
		{8082B033-BABA-4EE9-8095-0E88E2B9EF87}.Release|Any CPU.ActiveCfg = Release|Any CPU
		{8082B033-BABA-4EE9-8095-0E88E2B9EF87}.Release|Any CPU.Build.0 = Release|Any CPU
	EndGlobalSection
	GlobalSection(SolutionProperties) = preSolution
		HideSolutionNode = FALSE
	EndGlobalSection
	GlobalSection(NestedProjects) = preSolution
		{C40FF68F-028E-4901-A203-44C13338273D} = {02EA681E-C7D8-13C7-8484-4AC65E1B71E8}
		{AC7C1417-A6FC-4BEE-B690-1371E0D846E0} = {02EA681E-C7D8-13C7-8484-4AC65E1B71E8}
		{0F736967-275E-4A04-B8CA-676503C794E1} = {02EA681E-C7D8-13C7-8484-4AC65E1B71E8}
		{5BDA865D-46C9-49B8-AA5B-82341EAC5A05} = {3571EAEF-2BDA-4EF3-8DA8-0BD9F9A61A23}
		{7B8FF5EF-30FE-4FC2-9F70-F102E075D272} = {3571EAEF-2BDA-4EF3-8DA8-0BD9F9A61A23}
		{BEF7208C-5037-42B4-8EEE-332C0270E2ED} = {3571EAEF-2BDA-4EF3-8DA8-0BD9F9A61A23}
		{903DBBEB-230C-44D3-BF0C-E5E4A1870E51} = {62BAF203-325B-46A7-91F7-C42600067382}
		{D3C52508-9A68-4552-8E04-A610D9D765DE} = {62BAF203-325B-46A7-91F7-C42600067382}
		{6FB41D41-0E6A-4A3B-87CB-D156422AE5A8} = {62BAF203-325B-46A7-91F7-C42600067382}
		{0A7E7F6F-CF32-4511-B3CE-4D89F8454C78} = {BDD2AD0C-05AE-46D1-AF79-8FBB9B777EF2}
		{F732A324-C08E-433A-8277-75FE0075C6CF} = {BDD2AD0C-05AE-46D1-AF79-8FBB9B777EF2}
		{002B68E6-19C2-4E2B-8A30-502CD939E5A4} = {BDD2AD0C-05AE-46D1-AF79-8FBB9B777EF2}
		{EB681BD6-4A14-4945-8C69-661FFD61CECD} = {BCA8A4A7-CF7D-4AB9-8EC9-46E4B9B2A5B2}
		{53E65368-D4C2-4BBF-9E99-BC8CF3D1459C} = {BCA8A4A7-CF7D-4AB9-8EC9-46E4B9B2A5B2}
		{A6049163-0C3F-4F07-8DED-0106E1E245F7} = {BCA8A4A7-CF7D-4AB9-8EC9-46E4B9B2A5B2}
		{2901C5C6-62C4-433D-BD5A-1FD17E2C708F} = {78683525-0AE3-41E4-9182-9E67ECA06C7C}
		{EC22348F-2C4B-4F45-9CA2-7D36C19760B6} = {78683525-0AE3-41E4-9182-9E67ECA06C7C}
		{2C6F6B22-D4B3-4C1F-9854-0470A72510FC} = {78683525-0AE3-41E4-9182-9E67ECA06C7C}
		{DA8A8343-5679-489D-9123-A1D7B1886F20} = {F38FBDAE-CD03-4070-AFF8-BD53BDA5C0C8}
		{222F19FD-F1C6-42D8-BFD5-008A008B8EAB} = {F38FBDAE-CD03-4070-AFF8-BD53BDA5C0C8}
		{8082B033-BABA-4EE9-8095-0E88E2B9EF87} = {F38FBDAE-CD03-4070-AFF8-BD53BDA5C0C8}
	EndGlobalSection
	GlobalSection(ExtensibilityGlobals) = postSolution
		SolutionGuid = {1FC719F4-0186-4387-B4C1-EBC0A1E6C48F}
	EndGlobalSection
EndGlobal
