
Microsoft Visual Studio Solution File, Format Version 12.00
# Visual Studio Version 17
VisualStudioVersion = 17.14.36518.9 d17.14
MinimumVisualStudioVersion = 10.0.40219.1
Project("{2150E333-8FDC-42A3-9474-1A3956D46DE8}") = "Task0", "Task0", "{02EA681E-C7D8-13C7-8484-4AC65E1B71E8}"
EndProject
Project("{FAE04EC0-301F-11D3-BF4B-00C04F79EFBC}") = "Tyuiu.KuharonakSV.Sprint4.Task0.V26", "Tyuiu.KuharonakSV.Sprint4.Task0.V26\Tyuiu.KuharonakSV.Sprint4.Task0.V26.csproj", "{C40FF68F-028E-4901-A203-44C13338273D}"
EndProject
Project("{FAE04EC0-301F-11D3-BF4B-00C04F79EFBC}") = "Tyuiu.KuharonakSV.Sprint4.Task0.V26.Lib", "Tyuiu.KuharonakSV.Sprint4.Task0.V26.Lib\Tyuiu.KuharonakSV.Sprint4.Task0.V26.Lib.csproj", "{AC7C1417-A6FC-4BEE-B690-1371E0D846E0}"
EndProject
Project("{FAE04EC0-301F-11D3-BF4B-00C04F79EFBC}") = "Tyuiu.KuharonakSV.Sprint4.Task0.V26.Test", "Tyuiu.KuharonakSV.Sprint4.Task0.V26.Test\Tyuiu.KuharonakSV.Sprint4.Task0.V26.Test.csproj", "{0F736967-275E-4A04-B8CA-676503C794E1}"
EndProject
Project("{2150E333-8FDC-42A3-9474-1A3956D46DE8}") = "Task1", "Task1", "{3571EAEF-2BDA-4EF3-8DA8-0BD9F9A61A23}"
EndProject
Project("{FAE04EC0-301F-11D3-BF4B-00C04F79EFBC}") = "Tyuiu.KuharonakSV.Sprint4.Task1.V7", "Tyuiu.KuharonakSV.Sprint4.Task1.V7\Tyuiu.KuharonakSV.Sprint4.Task1.V7.csproj", "{5BDA865D-46C9-49B8-AA5B-82341EAC5A05}"
EndProject
Project("{FAE04EC0-301F-11D3-BF4B-00C04F79EFBC}") = "Tyuiu.KuharonakSV.Sprint4.Task1.V7.Lib", "Tyuiu.KuharonakSV.Sprint4.Task1.V7.Lib\Tyuiu.KuharonakSV.Sprint4.Task1.V7.Lib.csproj", "{7B8FF5EF-30FE-4FC2-9F70-F102E075D272}"
EndProject
Project("{FAE04EC0-301F-11D3-BF4B-00C04F79EFBC}") = "Tyuiu.KuharonakSV.Sprint4.Task1.V7.Test", "Tyuiu.KuharonakSV.Sprint4.Task1.V7.Test\Tyuiu.KuharonakSV.Sprint4.Task1.V7.Test.csproj", "{BEF7208C-5037-42B4-8EEE-332C0270E2ED}"
EndProject
Project("{2150E333-8FDC-42A3-9474-1A3956D46DE8}") = "Task2", "Task2", "{62BAF203-325B-46A7-91F7-C42600067382}"
EndProject
Project("{FAE04EC0-301F-11D3-BF4B-00C04F79EFBC}") = "Tyuiu.KuharonakSV.Sprint4.Task2.V27", "Tyuiu.KuharonakSV.Sprint4.Task2.V27\Tyuiu.KuharonakSV.Sprint4.Task2.V27.csproj", "{903DBBEB-230C-44D3-BF0C-E5E4A1870E51}"
EndProject
Project("{FAE04EC0-301F-11D3-BF4B-00C04F79EFBC}") = "Tyuiu.KuharonakSV.Sprint4.Task2.V27.Lib", "Tyuiu.KuharonakSV.Sprint4.Task2.V27.Lib\Tyuiu.KuharonakSV.Sprint4.Task2.V27.Lib.csproj", "{D3C52508-9A68-4552-8E04-A610D9D765DE}"
EndProject
Project("{FAE04EC0-301F-11D3-BF4B-00C04F79EFBC}") = "Tyuiu.KuharonakSV.Sprint4.Task2.V27.Test", "Tyuiu.KuharonakSV.Sprint4.Task2.V27.Test\Tyuiu.KuharonakSV.Sprint4.Task2.V27.Test.csproj", "{6FB41D41-0E6A-4A3B-87CB-D156422AE5A8}"
EndProject
Global
	GlobalSection(SolutionConfigurationPlatforms) = preSolution
		Debug|Any CPU = Debug|Any CPU
		Release|Any CPU = Release|Any CPU
	EndGlobalSection
	GlobalSection(ProjectConfigurationPlatforms) = postSolution
		{C40FF68F-028E-4901-A203-44C13338273D}.Debug|Any CPU.ActiveCfg = Debug|Any CPU
		{C40FF68F-028E-4901-A203-44C13338273D}.Debug|Any CPU.Build.0 = Debug|Any CPU
		{C40FF68F-028E-4901-A203-44C13338273D}.Release|Any CPU.ActiveCfg = Release|Any CPU
		{C40FF68F-028E-4901-A203-44C13338273D}.Release|Any CPU.Build.0 = Release|Any CPU
		{AC7C1417-A6FC-4BEE-B690-1371E0D846E0}.Debug|Any CPU.ActiveCfg = Debug|Any CPU
		{AC7C1417-A6FC-4BEE-B690-1371E0D846E0}.Debug|Any CPU.Build.0 = Debug|Any CPU
		{AC7C1417-A6FC-4BEE-B690-1371E0D846E0}.Release|Any CPU.ActiveCfg = Release|Any CPU
		{AC7C1417-A6FC-4BEE-B690-1371E0D846E0}.Release|Any CPU.Build.0 = Release|Any CPU
		{0F736967-275E-4A04-B8CA-676503C794E1}.Debug|Any CPU.ActiveCfg = Debug|Any CPU
		{0F736967-275E-4A04-B8CA-676503C794E1}.Debug|Any CPU.Build.0 = Debug|Any CPU
		{0F736967-275E-4A04-B8CA-676503C794E1}.Release|Any CPU.ActiveCfg = Release|Any CPU
		{0F736967-275E-4A04-B8CA-676503C794E1}.Release|Any CPU.Build.0 = Release|Any CPU
		{5BDA865D-46C9-49B8-AA5B-82341EAC5A05}.Debug|Any CPU.ActiveCfg = Debug|Any CPU
		{5BDA865D-46C9-49B8-AA5B-82341EAC5A05}.Debug|Any CPU.Build.0 = Debug|Any CPU
		{5BDA865D-46C9-49B8-AA5B-82341EAC5A05}.Release|Any CPU.ActiveCfg = Release|Any CPU
		{5BDA865D-46C9-49B8-AA5B-82341EAC5A05}.Release|Any CPU.Build.0 = Release|Any CPU
		{7B8FF5EF-30FE-4FC2-9F70-F102E075D272}.Debug|Any CPU.ActiveCfg = Debug|Any CPU
		{7B8FF5EF-30FE-4FC2-9F70-F102E075D272}.Debug|Any CPU.Build.0 = Debug|Any CPU
		{7B8FF5EF-30FE-4FC2-9F70-F102E075D272}.Release|Any CPU.ActiveCfg = Release|Any CPU
		{7B8FF5EF-30FE-4FC2-9F70-F102E075D272}.Release|Any CPU.Build.0 = Release|Any CPU
		{BEF7208C-5037-42B4-8EEE-332C0270E2ED}.Debug|Any CPU.ActiveCfg = Debug|Any CPU
		{BEF7208C-5037-42B4-8EEE-332C0270E2ED}.Debug|Any CPU.Build.0 = Debug|Any CPU
		{BEF7208C-5037-42B4-8EEE-332C0270E2ED}.Release|Any CPU.ActiveCfg = Release|Any CPU
		{BEF7208C-5037-42B4-8EEE-332C0270E2ED}.Release|Any CPU.Build.0 = Release|Any CPU
		{903DBBEB-230C-44D3-BF0C-E5E4A1870E51}.Debug|Any CPU.ActiveCfg = Debug|Any CPU
		{903DBBEB-230C-44D3-BF0C-E5E4A1870E51}.Debug|Any CPU.Build.0 = Debug|Any CPU
		{903DBBEB-230C-44D3-BF0C-E5E4A1870E51}.Release|Any CPU.ActiveCfg = Release|Any CPU
		{903DBBEB-230C-44D3-BF0C-E5E4A1870E51}.Release|Any CPU.Build.0 = Release|Any CPU
		{D3C52508-9A68-4552-8E04-A610D9D765DE}.Debug|Any CPU.ActiveCfg = Debug|Any CPU
		{D3C52508-9A68-4552-8E04-A610D9D765DE}.Debug|Any CPU.Build.0 = Debug|Any CPU
		{D3C52508-9A68-4552-8E04-A610D9D765DE}.Release|Any CPU.ActiveCfg = Release|Any CPU
		{D3C52508-9A68-4552-8E04-A610D9D765DE}.Release|Any CPU.Build.0 = Release|Any CPU
		{6FB41D41-0E6A-4A3B-87CB-D156422AE5A8}.Debug|Any CPU.ActiveCfg = Debug|Any CPU
		{6FB41D41-0E6A-4A3B-87CB-D156422AE5A8}.Debug|Any CPU.Build.0 = Debug|Any CPU
		{6FB41D41-0E6A-4A3B-87CB-D156422AE5A8}.Release|Any CPU.ActiveCfg = Release|Any CPU
		{6FB41D41-0E6A-4A3B-87CB-D156422AE5A8}.Release|Any CPU.Build.0 = Release|Any CPU
	EndGlobalSection
	GlobalSection(SolutionProperties) = preSolution
		HideSolutionNode = FALSE
	EndGlobalSection
	GlobalSection(NestedProjects) = preSolution
		{C40FF68F-028E-4901-A203-44C13338273D} = {02EA681E-C7D8-13C7-8484-4AC65E1B71E8}
		{AC7C1417-A6FC-4BEE-B690-1371E0D846E0} = {02EA681E-C7D8-13C7-8484-4AC65E1B71E8}
		{0F736967-275E-4A04-B8CA-676503C794E1} = {02EA681E-C7D8-13C7-8484-4AC65E1B71E8}
		{5BDA865D-46C9-49B8-AA5B-82341EAC5A05} = {3571EAEF-2BDA-4EF3-8DA8-0BD9F9A61A23}
		{7B8FF5EF-30FE-4FC2-9F70-F102E075D272} = {3571EAEF-2BDA-4EF3-8DA8-0BD9F9A61A23}
		{BEF7208C-5037-42B4-8EEE-332C0270E2ED} = {3571EAEF-2BDA-4EF3-8DA8-0BD9F9A61A23}
		{903DBBEB-230C-44D3-BF0C-E5E4A1870E51} = {62BAF203-325B-46A7-91F7-C42600067382}
		{D3C52508-9A68-4552-8E04-A610D9D765DE} = {62BAF203-325B-46A7-91F7-C42600067382}
		{6FB41D41-0E6A-4A3B-87CB-D156422AE5A8} = {62BAF203-325B-46A7-91F7-C42600067382}
	EndGlobalSection
	GlobalSection(ExtensibilityGlobals) = postSolution
		SolutionGuid = {1FC719F4-0186-4387-B4C1-EBC0A1E6C48F}
	EndGlobalSection
EndGlobal
